
Microsoft Visual Studio Solution File, Format Version 12.00
# Visual Studio Version 17
VisualStudioVersion = 17.3.32825.248
MinimumVisualStudioVersion = 10.0.40219.1
Project("{FAE04EC0-301F-11D3-BF4B-00C04F79EFBC}") = "TourGerasimov", "TourGerasimov\TourGerasimov.csproj", "{8ABC7BCB-BE29-4A67-BBC3-FFFBA419A11E}"
EndProject
Global
	GlobalSection(SolutionConfigurationPlatforms) = preSolution
		Debug|Any CPU = Debug|Any CPU
		Release|Any CPU = Release|Any CPU
	EndGlobalSection
	GlobalSection(ProjectConfigurationPlatforms) = postSolution
		{8ABC7BCB-BE29-4A67-BBC3-FFFBA419A11E}.Debug|Any CPU.ActiveCfg = Debug|Any CPU
		{8ABC7BCB-BE29-4A67-BBC3-FFFBA419A11E}.Debug|Any CPU.Build.0 = Debug|Any CPU
		{8ABC7BCB-BE29-4A67-BBC3-FFFBA419A11E}.Release|Any CPU.ActiveCfg = Release|Any CPU
		{8ABC7BCB-BE29-4A67-BBC3-FFFBA419A11E}.Release|Any CPU.Build.0 = Release|Any CPU
	EndGlobalSection
	GlobalSection(SolutionProperties) = preSolution
		HideSolutionNode = FALSE
	EndGlobalSection
	GlobalSection(ExtensibilityGlobals) = postSolution
		SolutionGuid = {EC3E7502-9829-41AF-9D7E-328EE244C937}
	EndGlobalSection
EndGlobal
